
Microsoft Visual Studio Solution File, Format Version 12.00
# Visual Studio 2013
VisualStudioVersion = 12.0.31101.0
MinimumVisualStudioVersion = 10.0.40219.1
Project("{FAE04EC0-301F-11D3-BF4B-00C04F79EFBC}") = "FizzBuzzConsole", "FizzBuzzConsole\FizzBuzzConsole.csproj", "{1F8A1E50-B63C-47EB-A078-E9B44A5ABC4D}"
EndProject
Project("{FAE04EC0-301F-11D3-BF4B-00C04F79EFBC}") = "FizzBuzzClass", "FizzBuzzClass\FizzBuzzClass.csproj", "{EF93D766-0C7E-4BF9-87D1-D075860E61B3}"
EndProject
Project("{FAE04EC0-301F-11D3-BF4B-00C04F79EFBC}") = "FizzBuzzTest", "FizzBuzzTest\FizzBuzzTest.csproj", "{66501531-0E56-4915-A0AF-15096660D0F5}"
EndProject
Global
	GlobalSection(SolutionConfigurationPlatforms) = preSolution
		Debug|Any CPU = Debug|Any CPU
		Release|Any CPU = Release|Any CPU
	EndGlobalSection
	GlobalSection(ProjectConfigurationPlatforms) = postSolution
		{1F8A1E50-B63C-47EB-A078-E9B44A5ABC4D}.Debug|Any CPU.ActiveCfg = Debug|Any CPU
		{1F8A1E50-B63C-47EB-A078-E9B44A5ABC4D}.Debug|Any CPU.Build.0 = Debug|Any CPU
		{1F8A1E50-B63C-47EB-A078-E9B44A5ABC4D}.Release|Any CPU.ActiveCfg = Release|Any CPU
		{1F8A1E50-B63C-47EB-A078-E9B44A5ABC4D}.Release|Any CPU.Build.0 = Release|Any CPU
		{EF93D766-0C7E-4BF9-87D1-D075860E61B3}.Debug|Any CPU.ActiveCfg = Debug|Any CPU
		{EF93D766-0C7E-4BF9-87D1-D075860E61B3}.Debug|Any CPU.Build.0 = Debug|Any CPU
		{EF93D766-0C7E-4BF9-87D1-D075860E61B3}.Release|Any CPU.ActiveCfg = Release|Any CPU
		{EF93D766-0C7E-4BF9-87D1-D075860E61B3}.Release|Any CPU.Build.0 = Release|Any CPU
		{66501531-0E56-4915-A0AF-15096660D0F5}.Debug|Any CPU.ActiveCfg = Debug|Any CPU
		{66501531-0E56-4915-A0AF-15096660D0F5}.Debug|Any CPU.Build.0 = Debug|Any CPU
		{66501531-0E56-4915-A0AF-15096660D0F5}.Release|Any CPU.ActiveCfg = Release|Any CPU
		{66501531-0E56-4915-A0AF-15096660D0F5}.Release|Any CPU.Build.0 = Release|Any CPU
	EndGlobalSection
	GlobalSection(SolutionProperties) = preSolution
		HideSolutionNode = FALSE
	EndGlobalSection
EndGlobal
